{
  "version": 4,
  "terraform_version": "1.15.8",
  "serial": 3,
  "lineage": "823d0f11-c4e9-aeaa-8ef1-b74ebdb8b03a",
  "outputs": {},
  "resources": [
    {
      "mode": "managed",
      "type": "aws_vpc",
      "name": "main",
      "provider": "provider[\"registry.terraform.io/hashicorp/aws\"]",
      "instances": [
        {
          "schema_version": 1,
          "attributes": {
            "arn": "arn:aws:ec2:ap-south-1:043420385663:vpc/vpc-0d9e64a6cc71f968f",
            "assign_generated_ipv6_cidr_block": false,
            "cidr_block": "10.0.0.0/16",
            "default_network_acl_id": "acl-0cec5751f4014e317",
            "default_route_table_id": "rtb-02d4f1d2381e65c81",
            "default_security_group_id": "sg-00acf7f4751810dd2",
            "dhcp_options_id": "dopt-051328855e50ce8d9",
            "enable_dns_hostnames": true,
            "enable_dns_support": true,
            "enable_network_address_usage_metrics": false,
            "id": "vpc-0d9e64a6cc71f968f",
            "instance_tenancy": "default",
            "ipv4_ipam_pool_id": null,
            "ipv4_netmask_length": null,
            "ipv6_association_id": "",
            "ipv6_cidr_block": "",
            "ipv6_cidr_block_network_border_group": "",
            "ipv6_ipam_pool_id": "",
            "ipv6_netmask_length": 0,
            "main_route_table_id": "rtb-02d4f1d2381e65c81",
            "owner_id": "043420385663",
            "region": "ap-south-1",
            "tags": {
              "Name": "production-style-aws-infrastructure-vpc"
            },
            "tags_all": {
              "Environment": "dev",
              "ManagedBy": "Terraform",
              "Name": "production-style-aws-infrastructure-vpc",
              "Owner": "Binson Joseph",
              "Project": "production-style-aws-infrastructure"
            }
          },
          "sensitive_attributes": [],
          "identity_schema_version": 0,
          "identity": {
            "account_id": "043420385663",
            "id": "vpc-0d9e64a6cc71f968f",
            "region": "ap-south-1"
          },
          "private": "eyJzY2hlbWFfdmVyc2lvbiI6IjEifQ=="
        }
      ]
    }
  ],
  "check_results": null
}
